
Microsoft Visual Studio Solution File, Format Version 12.00
# Visual Studio Version 17
VisualStudioVersion = 17.5.002.0
MinimumVisualStudioVersion = 10.0.40219.1
Project("{9A19103F-16F7-4668-BE54-9A1E7A4F7556}") = "ProjectName.API", "ProjectName.API\ProjectName.API.csproj", "{F270515E-1FF0-47C0-B713-1A66BC57F195}"
EndProject
Project("{9A19103F-16F7-4668-BE54-9A1E7A4F7556}") = "ProjectName.Application", "ProjectName.Application\ProjectName.Application.csproj", "{90DB5260-7FD0-4EF1-8D96-15AD81457F3C}"
EndProject
Project("{9A19103F-16F7-4668-BE54-9A1E7A4F7556}") = "ProjectName.Core", "ProjectName.Core\ProjectName.Core.csproj", "{1E2B702D-4F42-4ED2-8074-35744BE4642A}"
EndProject
Project("{9A19103F-16F7-4668-BE54-9A1E7A4F7556}") = "ProjectName.Infrastructure", "ProjectName.Infrastructure\ProjectName.Infrastructure.csproj", "{9B74549B-2E17-4113-80BB-7CC389475AE7}"
EndProject
Project("{9A19103F-16F7-4668-BE54-9A1E7A4F7556}") = "ProjectName.Test", "ProjectName.Test\ProjectName.Test.csproj", "{5E438D08-80C5-41D5-822D-6CC68CDEEDD0}"
EndProject
Global
	GlobalSection(SolutionConfigurationPlatforms) = preSolution
		Debug|Any CPU = Debug|Any CPU
		Release|Any CPU = Release|Any CPU
	EndGlobalSection
	GlobalSection(ProjectConfigurationPlatforms) = postSolution
		{F270515E-1FF0-47C0-B713-1A66BC57F195}.Debug|Any CPU.ActiveCfg = Debug|Any CPU
		{F270515E-1FF0-47C0-B713-1A66BC57F195}.Debug|Any CPU.Build.0 = Debug|Any CPU
		{F270515E-1FF0-47C0-B713-1A66BC57F195}.Release|Any CPU.ActiveCfg = Release|Any CPU
		{F270515E-1FF0-47C0-B713-1A66BC57F195}.Release|Any CPU.Build.0 = Release|Any CPU
		{90DB5260-7FD0-4EF1-8D96-15AD81457F3C}.Debug|Any CPU.ActiveCfg = Debug|Any CPU
		{90DB5260-7FD0-4EF1-8D96-15AD81457F3C}.Debug|Any CPU.Build.0 = Debug|Any CPU
		{90DB5260-7FD0-4EF1-8D96-15AD81457F3C}.Release|Any CPU.ActiveCfg = Release|Any CPU
		{90DB5260-7FD0-4EF1-8D96-15AD81457F3C}.Release|Any CPU.Build.0 = Release|Any CPU
		{1E2B702D-4F42-4ED2-8074-35744BE4642A}.Debug|Any CPU.ActiveCfg = Debug|Any CPU
		{1E2B702D-4F42-4ED2-8074-35744BE4642A}.Debug|Any CPU.Build.0 = Debug|Any CPU
		{1E2B702D-4F42-4ED2-8074-35744BE4642A}.Release|Any CPU.ActiveCfg = Release|Any CPU
		{1E2B702D-4F42-4ED2-8074-35744BE4642A}.Release|Any CPU.Build.0 = Release|Any CPU
		{9B74549B-2E17-4113-80BB-7CC389475AE7}.Debug|Any CPU.ActiveCfg = Debug|Any CPU
		{9B74549B-2E17-4113-80BB-7CC389475AE7}.Debug|Any CPU.Build.0 = Debug|Any CPU
		{9B74549B-2E17-4113-80BB-7CC389475AE7}.Release|Any CPU.ActiveCfg = Release|Any CPU
		{9B74549B-2E17-4113-80BB-7CC389475AE7}.Release|Any CPU.Build.0 = Release|Any CPU
		{5E438D08-80C5-41D5-822D-6CC68CDEEDD0}.Debug|Any CPU.ActiveCfg = Debug|Any CPU
		{5E438D08-80C5-41D5-822D-6CC68CDEEDD0}.Debug|Any CPU.Build.0 = Debug|Any CPU
		{5E438D08-80C5-41D5-822D-6CC68CDEEDD0}.Release|Any CPU.ActiveCfg = Release|Any CPU
		{5E438D08-80C5-41D5-822D-6CC68CDEEDD0}.Release|Any CPU.Build.0 = Release|Any CPU
	EndGlobalSection
	GlobalSection(SolutionProperties) = preSolution
		HideSolutionNode = FALSE
	EndGlobalSection
	GlobalSection(ExtensibilityGlobals) = postSolution
		SolutionGuid = {48B6A8A6-6FED-44D0-8E9E-523825919F38}
	EndGlobalSection
EndGlobal
